
Microsoft Visual Studio Solution File, Format Version 12.00
# Visual Studio 2013
VisualStudioVersion = 12.0.21005.1
MinimumVisualStudioVersion = 10.0.40219.1
Project("{FAE04EC0-301F-11D3-BF4B-00C04F79EFBC}") = "CoMaNdO.Example", "CoMaNdO.Example\CoMaNdO.Example.csproj", "{06D13014-C0BE-422F-9AEE-B870F3E9D954}"
EndProject
Project("{FAE04EC0-301F-11D3-BF4B-00C04F79EFBC}") = "CoMaNdO.Uptime", "CoMaNdO.Uptime\CoMaNdO.Uptime.csproj", "{0FC2F23F-7C3A-4525-B3E5-C7097D2CA98B}"
EndProject
Project("{FAE04EC0-301F-11D3-BF4B-00C04F79EFBC}") = "CoMaNdO.Polls", "CoMaNdO.Polls\CoMaNdO.Polls.csproj", "{0A0D1A65-915D-4159-A24C-6A5ACF7364A7}"
EndProject
Project("{FAE04EC0-301F-11D3-BF4B-00C04F79EFBC}") = "CoMaNdO.Gambling", "CoMaNdO.Gambling\CoMaNdO.Gambling.csproj", "{E1F464FF-1AE7-40D0-9823-14AAD7E81F91}"
EndProject
Project("{FAE04EC0-301F-11D3-BF4B-00C04F79EFBC}") = "CoMaNdO.Greetings", "CoMaNdO.Greetings\CoMaNdO.Greetings.csproj", "{0707D057-52E5-4B38-8CED-F7C21041E2FA}"
EndProject
Project("{FAE04EC0-301F-11D3-BF4B-00C04F79EFBC}") = "CoMaNdO.MultipleOutputs", "CoMaNdO.MultipleOutputs\CoMaNdO.MultipleOutputs.csproj", "{F461DDC7-BBA9-4261-9DCA-9971CA5B382D}"
EndProject
Project("{FAE04EC0-301F-11D3-BF4B-00C04F79EFBC}") = "CoMaNdO.UserRanks", "CoMaNdO.UserRanks\CoMaNdO.UserRanks.csproj", "{8F76B751-FF9A-4932-AEC5-5557EE618193}"
EndProject
Project("{FAE04EC0-301F-11D3-BF4B-00C04F79EFBC}") = "CoMaNdO.Auctions", "CoMaNdO.Auctions\CoMaNdO.Auctions.csproj", "{1204B127-5BF7-4416-A6A5-B120DAB00682}"
EndProject
Project("{FAE04EC0-301F-11D3-BF4B-00C04F79EFBC}") = "CoMaNdO.Giveaways", "CoMaNdO.Giveaways\CoMaNdO.Giveaways.csproj", "{BFE5C6B5-8E4A-4E69-AD20-F8A78F95493E}"
EndProject
Project("{FAE04EC0-301F-11D3-BF4B-00C04F79EFBC}") = "CoMaNdO.SongRequests", "CoMaNdO.SongRequests\CoMaNdO.SongRequests.csproj", "{F1D3894F-52C4-499B-BC43-D1C9B361E8A1}"
EndProject
Global
	GlobalSection(SolutionConfigurationPlatforms) = preSolution
		CD_ROM|Any CPU = CD_ROM|Any CPU
		CD_ROM|Mixed Platforms = CD_ROM|Mixed Platforms
		CD_ROM|x86 = CD_ROM|x86
		Debug|Any CPU = Debug|Any CPU
		Debug|Mixed Platforms = Debug|Mixed Platforms
		Debug|x86 = Debug|x86
		DVD-5|Any CPU = DVD-5|Any CPU
		DVD-5|Mixed Platforms = DVD-5|Mixed Platforms
		DVD-5|x86 = DVD-5|x86
		Release|Any CPU = Release|Any CPU
		Release|Mixed Platforms = Release|Mixed Platforms
		Release|x86 = Release|x86
		SingleImage|Any CPU = SingleImage|Any CPU
		SingleImage|Mixed Platforms = SingleImage|Mixed Platforms
		SingleImage|x86 = SingleImage|x86
	EndGlobalSection
	GlobalSection(ProjectConfigurationPlatforms) = postSolution
		{06D13014-C0BE-422F-9AEE-B870F3E9D954}.CD_ROM|Any CPU.ActiveCfg = Release|Any CPU
		{06D13014-C0BE-422F-9AEE-B870F3E9D954}.CD_ROM|Any CPU.Build.0 = Release|Any CPU
		{06D13014-C0BE-422F-9AEE-B870F3E9D954}.CD_ROM|Mixed Platforms.ActiveCfg = Debug|x86
		{06D13014-C0BE-422F-9AEE-B870F3E9D954}.CD_ROM|Mixed Platforms.Build.0 = Debug|x86
		{06D13014-C0BE-422F-9AEE-B870F3E9D954}.CD_ROM|x86.ActiveCfg = Debug|x86
		{06D13014-C0BE-422F-9AEE-B870F3E9D954}.CD_ROM|x86.Build.0 = Debug|x86
		{06D13014-C0BE-422F-9AEE-B870F3E9D954}.Debug|Any CPU.ActiveCfg = Debug|Any CPU
		{06D13014-C0BE-422F-9AEE-B870F3E9D954}.Debug|Any CPU.Build.0 = Debug|Any CPU
		{06D13014-C0BE-422F-9AEE-B870F3E9D954}.Debug|Mixed Platforms.ActiveCfg = Debug|Any CPU
		{06D13014-C0BE-422F-9AEE-B870F3E9D954}.Debug|Mixed Platforms.Build.0 = Debug|Any CPU
		{06D13014-C0BE-422F-9AEE-B870F3E9D954}.Debug|x86.ActiveCfg = Debug|Any CPU
		{06D13014-C0BE-422F-9AEE-B870F3E9D954}.DVD-5|Any CPU.ActiveCfg = Debug|Any CPU
		{06D13014-C0BE-422F-9AEE-B870F3E9D954}.DVD-5|Any CPU.Build.0 = Debug|Any CPU
		{06D13014-C0BE-422F-9AEE-B870F3E9D954}.DVD-5|Mixed Platforms.ActiveCfg = Debug|x86
		{06D13014-C0BE-422F-9AEE-B870F3E9D954}.DVD-5|Mixed Platforms.Build.0 = Debug|x86
		{06D13014-C0BE-422F-9AEE-B870F3E9D954}.DVD-5|x86.ActiveCfg = Debug|x86
		{06D13014-C0BE-422F-9AEE-B870F3E9D954}.DVD-5|x86.Build.0 = Debug|x86
		{06D13014-C0BE-422F-9AEE-B870F3E9D954}.Release|Any CPU.ActiveCfg = Release|Any CPU
		{06D13014-C0BE-422F-9AEE-B870F3E9D954}.Release|Any CPU.Build.0 = Release|Any CPU
		{06D13014-C0BE-422F-9AEE-B870F3E9D954}.Release|Mixed Platforms.ActiveCfg = Release|Any CPU
		{06D13014-C0BE-422F-9AEE-B870F3E9D954}.Release|Mixed Platforms.Build.0 = Release|Any CPU
		{06D13014-C0BE-422F-9AEE-B870F3E9D954}.Release|x86.ActiveCfg = Release|x86
		{06D13014-C0BE-422F-9AEE-B870F3E9D954}.Release|x86.Build.0 = Release|x86
		{06D13014-C0BE-422F-9AEE-B870F3E9D954}.SingleImage|Any CPU.ActiveCfg = Release|Any CPU
		{06D13014-C0BE-422F-9AEE-B870F3E9D954}.SingleImage|Any CPU.Build.0 = Release|Any CPU
		{06D13014-C0BE-422F-9AEE-B870F3E9D954}.SingleImage|Mixed Platforms.ActiveCfg = Debug|x86
		{06D13014-C0BE-422F-9AEE-B870F3E9D954}.SingleImage|Mixed Platforms.Build.0 = Debug|x86
		{06D13014-C0BE-422F-9AEE-B870F3E9D954}.SingleImage|x86.ActiveCfg = Debug|x86
		{06D13014-C0BE-422F-9AEE-B870F3E9D954}.SingleImage|x86.Build.0 = Debug|x86
		{0FC2F23F-7C3A-4525-B3E5-C7097D2CA98B}.CD_ROM|Any CPU.ActiveCfg = Release|Any CPU
		{0FC2F23F-7C3A-4525-B3E5-C7097D2CA98B}.CD_ROM|Any CPU.Build.0 = Release|Any CPU
		{0FC2F23F-7C3A-4525-B3E5-C7097D2CA98B}.CD_ROM|Mixed Platforms.ActiveCfg = Release|Any CPU
		{0FC2F23F-7C3A-4525-B3E5-C7097D2CA98B}.CD_ROM|Mixed Platforms.Build.0 = Release|Any CPU
		{0FC2F23F-7C3A-4525-B3E5-C7097D2CA98B}.CD_ROM|x86.ActiveCfg = Release|Any CPU
		{0FC2F23F-7C3A-4525-B3E5-C7097D2CA98B}.Debug|Any CPU.ActiveCfg = Debug|Any CPU
		{0FC2F23F-7C3A-4525-B3E5-C7097D2CA98B}.Debug|Any CPU.Build.0 = Debug|Any CPU
		{0FC2F23F-7C3A-4525-B3E5-C7097D2CA98B}.Debug|Mixed Platforms.ActiveCfg = Debug|Any CPU
		{0FC2F23F-7C3A-4525-B3E5-C7097D2CA98B}.Debug|Mixed Platforms.Build.0 = Debug|Any CPU
		{0FC2F23F-7C3A-4525-B3E5-C7097D2CA98B}.Debug|x86.ActiveCfg = Debug|Any CPU
		{0FC2F23F-7C3A-4525-B3E5-C7097D2CA98B}.DVD-5|Any CPU.ActiveCfg = Debug|Any CPU
		{0FC2F23F-7C3A-4525-B3E5-C7097D2CA98B}.DVD-5|Any CPU.Build.0 = Debug|Any CPU
		{0FC2F23F-7C3A-4525-B3E5-C7097D2CA98B}.DVD-5|Mixed Platforms.ActiveCfg = Debug|Any CPU
		{0FC2F23F-7C3A-4525-B3E5-C7097D2CA98B}.DVD-5|Mixed Platforms.Build.0 = Debug|Any CPU
		{0FC2F23F-7C3A-4525-B3E5-C7097D2CA98B}.DVD-5|x86.ActiveCfg = Debug|Any CPU
		{0FC2F23F-7C3A-4525-B3E5-C7097D2CA98B}.Release|Any CPU.ActiveCfg = Release|Any CPU
		{0FC2F23F-7C3A-4525-B3E5-C7097D2CA98B}.Release|Any CPU.Build.0 = Release|Any CPU
		{0FC2F23F-7C3A-4525-B3E5-C7097D2CA98B}.Release|Mixed Platforms.ActiveCfg = Release|Any CPU
		{0FC2F23F-7C3A-4525-B3E5-C7097D2CA98B}.Release|Mixed Platforms.Build.0 = Release|Any CPU
		{0FC2F23F-7C3A-4525-B3E5-C7097D2CA98B}.Release|x86.ActiveCfg = Release|x86
		{0FC2F23F-7C3A-4525-B3E5-C7097D2CA98B}.Release|x86.Build.0 = Release|x86
		{0FC2F23F-7C3A-4525-B3E5-C7097D2CA98B}.SingleImage|Any CPU.ActiveCfg = Release|Any CPU
		{0FC2F23F-7C3A-4525-B3E5-C7097D2CA98B}.SingleImage|Any CPU.Build.0 = Release|Any CPU
		{0FC2F23F-7C3A-4525-B3E5-C7097D2CA98B}.SingleImage|Mixed Platforms.ActiveCfg = Release|Any CPU
		{0FC2F23F-7C3A-4525-B3E5-C7097D2CA98B}.SingleImage|Mixed Platforms.Build.0 = Release|Any CPU
		{0FC2F23F-7C3A-4525-B3E5-C7097D2CA98B}.SingleImage|x86.ActiveCfg = Release|Any CPU
		{0A0D1A65-915D-4159-A24C-6A5ACF7364A7}.CD_ROM|Any CPU.ActiveCfg = Release|Any CPU
		{0A0D1A65-915D-4159-A24C-6A5ACF7364A7}.CD_ROM|Any CPU.Build.0 = Release|Any CPU
		{0A0D1A65-915D-4159-A24C-6A5ACF7364A7}.CD_ROM|Mixed Platforms.ActiveCfg = Release|Any CPU
		{0A0D1A65-915D-4159-A24C-6A5ACF7364A7}.CD_ROM|Mixed Platforms.Build.0 = Release|Any CPU
		{0A0D1A65-915D-4159-A24C-6A5ACF7364A7}.CD_ROM|x86.ActiveCfg = Release|Any CPU
		{0A0D1A65-915D-4159-A24C-6A5ACF7364A7}.Debug|Any CPU.ActiveCfg = Debug|Any CPU
		{0A0D1A65-915D-4159-A24C-6A5ACF7364A7}.Debug|Any CPU.Build.0 = Debug|Any CPU
		{0A0D1A65-915D-4159-A24C-6A5ACF7364A7}.Debug|Mixed Platforms.ActiveCfg = Debug|Any CPU
		{0A0D1A65-915D-4159-A24C-6A5ACF7364A7}.Debug|Mixed Platforms.Build.0 = Debug|Any CPU
		{0A0D1A65-915D-4159-A24C-6A5ACF7364A7}.Debug|x86.ActiveCfg = Debug|Any CPU
		{0A0D1A65-915D-4159-A24C-6A5ACF7364A7}.DVD-5|Any CPU.ActiveCfg = Debug|Any CPU
		{0A0D1A65-915D-4159-A24C-6A5ACF7364A7}.DVD-5|Any CPU.Build.0 = Debug|Any CPU
		{0A0D1A65-915D-4159-A24C-6A5ACF7364A7}.DVD-5|Mixed Platforms.ActiveCfg = Debug|Any CPU
		{0A0D1A65-915D-4159-A24C-6A5ACF7364A7}.DVD-5|Mixed Platforms.Build.0 = Debug|Any CPU
		{0A0D1A65-915D-4159-A24C-6A5ACF7364A7}.DVD-5|x86.ActiveCfg = Debug|Any CPU
		{0A0D1A65-915D-4159-A24C-6A5ACF7364A7}.Release|Any CPU.ActiveCfg = Release|Any CPU
		{0A0D1A65-915D-4159-A24C-6A5ACF7364A7}.Release|Any CPU.Build.0 = Release|Any CPU
		{0A0D1A65-915D-4159-A24C-6A5ACF7364A7}.Release|Mixed Platforms.ActiveCfg = Release|Any CPU
		{0A0D1A65-915D-4159-A24C-6A5ACF7364A7}.Release|Mixed Platforms.Build.0 = Release|Any CPU
		{0A0D1A65-915D-4159-A24C-6A5ACF7364A7}.Release|x86.ActiveCfg = Release|x86
		{0A0D1A65-915D-4159-A24C-6A5ACF7364A7}.Release|x86.Build.0 = Release|x86
		{0A0D1A65-915D-4159-A24C-6A5ACF7364A7}.SingleImage|Any CPU.ActiveCfg = Release|Any CPU
		{0A0D1A65-915D-4159-A24C-6A5ACF7364A7}.SingleImage|Any CPU.Build.0 = Release|Any CPU
		{0A0D1A65-915D-4159-A24C-6A5ACF7364A7}.SingleImage|Mixed Platforms.ActiveCfg = Release|Any CPU
		{0A0D1A65-915D-4159-A24C-6A5ACF7364A7}.SingleImage|Mixed Platforms.Build.0 = Release|Any CPU
		{0A0D1A65-915D-4159-A24C-6A5ACF7364A7}.SingleImage|x86.ActiveCfg = Release|Any CPU
		{E1F464FF-1AE7-40D0-9823-14AAD7E81F91}.CD_ROM|Any CPU.ActiveCfg = Release|Any CPU
		{E1F464FF-1AE7-40D0-9823-14AAD7E81F91}.CD_ROM|Any CPU.Build.0 = Release|Any CPU
		{E1F464FF-1AE7-40D0-9823-14AAD7E81F91}.CD_ROM|Mixed Platforms.ActiveCfg = Release|Any CPU
		{E1F464FF-1AE7-40D0-9823-14AAD7E81F91}.CD_ROM|Mixed Platforms.Build.0 = Release|Any CPU
		{E1F464FF-1AE7-40D0-9823-14AAD7E81F91}.CD_ROM|x86.ActiveCfg = Release|Any CPU
		{E1F464FF-1AE7-40D0-9823-14AAD7E81F91}.Debug|Any CPU.ActiveCfg = Debug|Any CPU
		{E1F464FF-1AE7-40D0-9823-14AAD7E81F91}.Debug|Any CPU.Build.0 = Debug|Any CPU
		{E1F464FF-1AE7-40D0-9823-14AAD7E81F91}.Debug|Mixed Platforms.ActiveCfg = Debug|Any CPU
		{E1F464FF-1AE7-40D0-9823-14AAD7E81F91}.Debug|Mixed Platforms.Build.0 = Debug|Any CPU
		{E1F464FF-1AE7-40D0-9823-14AAD7E81F91}.Debug|x86.ActiveCfg = Debug|Any CPU
		{E1F464FF-1AE7-40D0-9823-14AAD7E81F91}.DVD-5|Any CPU.ActiveCfg = Debug|Any CPU
		{E1F464FF-1AE7-40D0-9823-14AAD7E81F91}.DVD-5|Any CPU.Build.0 = Debug|Any CPU
		{E1F464FF-1AE7-40D0-9823-14AAD7E81F91}.DVD-5|Mixed Platforms.ActiveCfg = Debug|Any CPU
		{E1F464FF-1AE7-40D0-9823-14AAD7E81F91}.DVD-5|Mixed Platforms.Build.0 = Debug|Any CPU
		{E1F464FF-1AE7-40D0-9823-14AAD7E81F91}.DVD-5|x86.ActiveCfg = Debug|Any CPU
		{E1F464FF-1AE7-40D0-9823-14AAD7E81F91}.Release|Any CPU.ActiveCfg = Release|Any CPU
		{E1F464FF-1AE7-40D0-9823-14AAD7E81F91}.Release|Any CPU.Build.0 = Release|Any CPU
		{E1F464FF-1AE7-40D0-9823-14AAD7E81F91}.Release|Mixed Platforms.ActiveCfg = Release|Any CPU
		{E1F464FF-1AE7-40D0-9823-14AAD7E81F91}.Release|Mixed Platforms.Build.0 = Release|Any CPU
		{E1F464FF-1AE7-40D0-9823-14AAD7E81F91}.Release|x86.ActiveCfg = Release|x86
		{E1F464FF-1AE7-40D0-9823-14AAD7E81F91}.Release|x86.Build.0 = Release|x86
		{E1F464FF-1AE7-40D0-9823-14AAD7E81F91}.SingleImage|Any CPU.ActiveCfg = Release|Any CPU
		{E1F464FF-1AE7-40D0-9823-14AAD7E81F91}.SingleImage|Any CPU.Build.0 = Release|Any CPU
		{E1F464FF-1AE7-40D0-9823-14AAD7E81F91}.SingleImage|Mixed Platforms.ActiveCfg = Release|Any CPU
		{E1F464FF-1AE7-40D0-9823-14AAD7E81F91}.SingleImage|Mixed Platforms.Build.0 = Release|Any CPU
		{E1F464FF-1AE7-40D0-9823-14AAD7E81F91}.SingleImage|x86.ActiveCfg = Release|Any CPU
		{0707D057-52E5-4B38-8CED-F7C21041E2FA}.CD_ROM|Any CPU.ActiveCfg = Release|Any CPU
		{0707D057-52E5-4B38-8CED-F7C21041E2FA}.CD_ROM|Any CPU.Build.0 = Release|Any CPU
		{0707D057-52E5-4B38-8CED-F7C21041E2FA}.CD_ROM|Mixed Platforms.ActiveCfg = Release|Any CPU
		{0707D057-52E5-4B38-8CED-F7C21041E2FA}.CD_ROM|Mixed Platforms.Build.0 = Release|Any CPU
		{0707D057-52E5-4B38-8CED-F7C21041E2FA}.CD_ROM|x86.ActiveCfg = Release|Any CPU
		{0707D057-52E5-4B38-8CED-F7C21041E2FA}.Debug|Any CPU.ActiveCfg = Debug|Any CPU
		{0707D057-52E5-4B38-8CED-F7C21041E2FA}.Debug|Any CPU.Build.0 = Debug|Any CPU
		{0707D057-52E5-4B38-8CED-F7C21041E2FA}.Debug|Mixed Platforms.ActiveCfg = Debug|Any CPU
		{0707D057-52E5-4B38-8CED-F7C21041E2FA}.Debug|Mixed Platforms.Build.0 = Debug|Any CPU
		{0707D057-52E5-4B38-8CED-F7C21041E2FA}.Debug|x86.ActiveCfg = Debug|Any CPU
		{0707D057-52E5-4B38-8CED-F7C21041E2FA}.DVD-5|Any CPU.ActiveCfg = Debug|Any CPU
		{0707D057-52E5-4B38-8CED-F7C21041E2FA}.DVD-5|Any CPU.Build.0 = Debug|Any CPU
		{0707D057-52E5-4B38-8CED-F7C21041E2FA}.DVD-5|Mixed Platforms.ActiveCfg = Debug|Any CPU
		{0707D057-52E5-4B38-8CED-F7C21041E2FA}.DVD-5|Mixed Platforms.Build.0 = Debug|Any CPU
		{0707D057-52E5-4B38-8CED-F7C21041E2FA}.DVD-5|x86.ActiveCfg = Debug|Any CPU
		{0707D057-52E5-4B38-8CED-F7C21041E2FA}.Release|Any CPU.ActiveCfg = Release|Any CPU
		{0707D057-52E5-4B38-8CED-F7C21041E2FA}.Release|Any CPU.Build.0 = Release|Any CPU
		{0707D057-52E5-4B38-8CED-F7C21041E2FA}.Release|Mixed Platforms.ActiveCfg = Release|Any CPU
		{0707D057-52E5-4B38-8CED-F7C21041E2FA}.Release|Mixed Platforms.Build.0 = Release|Any CPU
		{0707D057-52E5-4B38-8CED-F7C21041E2FA}.Release|x86.ActiveCfg = Release|x86
		{0707D057-52E5-4B38-8CED-F7C21041E2FA}.Release|x86.Build.0 = Release|x86
		{0707D057-52E5-4B38-8CED-F7C21041E2FA}.SingleImage|Any CPU.ActiveCfg = Release|Any CPU
		{0707D057-52E5-4B38-8CED-F7C21041E2FA}.SingleImage|Any CPU.Build.0 = Release|Any CPU
		{0707D057-52E5-4B38-8CED-F7C21041E2FA}.SingleImage|Mixed Platforms.ActiveCfg = Release|Any CPU
		{0707D057-52E5-4B38-8CED-F7C21041E2FA}.SingleImage|Mixed Platforms.Build.0 = Release|Any CPU
		{0707D057-52E5-4B38-8CED-F7C21041E2FA}.SingleImage|x86.ActiveCfg = Release|Any CPU
		{F461DDC7-BBA9-4261-9DCA-9971CA5B382D}.CD_ROM|Any CPU.ActiveCfg = Release|Any CPU
		{F461DDC7-BBA9-4261-9DCA-9971CA5B382D}.CD_ROM|Any CPU.Build.0 = Release|Any CPU
		{F461DDC7-BBA9-4261-9DCA-9971CA5B382D}.CD_ROM|Mixed Platforms.ActiveCfg = Release|Any CPU
		{F461DDC7-BBA9-4261-9DCA-9971CA5B382D}.CD_ROM|Mixed Platforms.Build.0 = Release|Any CPU
		{F461DDC7-BBA9-4261-9DCA-9971CA5B382D}.CD_ROM|x86.ActiveCfg = Release|Any CPU
		{F461DDC7-BBA9-4261-9DCA-9971CA5B382D}.Debug|Any CPU.ActiveCfg = Debug|Any CPU
		{F461DDC7-BBA9-4261-9DCA-9971CA5B382D}.Debug|Any CPU.Build.0 = Debug|Any CPU
		{F461DDC7-BBA9-4261-9DCA-9971CA5B382D}.Debug|Mixed Platforms.ActiveCfg = Debug|Any CPU
		{F461DDC7-BBA9-4261-9DCA-9971CA5B382D}.Debug|Mixed Platforms.Build.0 = Debug|Any CPU
		{F461DDC7-BBA9-4261-9DCA-9971CA5B382D}.Debug|x86.ActiveCfg = Debug|Any CPU
		{F461DDC7-BBA9-4261-9DCA-9971CA5B382D}.DVD-5|Any CPU.ActiveCfg = Debug|Any CPU
		{F461DDC7-BBA9-4261-9DCA-9971CA5B382D}.DVD-5|Any CPU.Build.0 = Debug|Any CPU
		{F461DDC7-BBA9-4261-9DCA-9971CA5B382D}.DVD-5|Mixed Platforms.ActiveCfg = Debug|Any CPU
		{F461DDC7-BBA9-4261-9DCA-9971CA5B382D}.DVD-5|Mixed Platforms.Build.0 = Debug|Any CPU
		{F461DDC7-BBA9-4261-9DCA-9971CA5B382D}.DVD-5|x86.ActiveCfg = Debug|Any CPU
		{F461DDC7-BBA9-4261-9DCA-9971CA5B382D}.Release|Any CPU.ActiveCfg = Release|Any CPU
		{F461DDC7-BBA9-4261-9DCA-9971CA5B382D}.Release|Any CPU.Build.0 = Release|Any CPU
		{F461DDC7-BBA9-4261-9DCA-9971CA5B382D}.Release|Mixed Platforms.ActiveCfg = Release|Any CPU
		{F461DDC7-BBA9-4261-9DCA-9971CA5B382D}.Release|Mixed Platforms.Build.0 = Release|Any CPU
		{F461DDC7-BBA9-4261-9DCA-9971CA5B382D}.Release|x86.ActiveCfg = Release|x86
		{F461DDC7-BBA9-4261-9DCA-9971CA5B382D}.Release|x86.Build.0 = Release|x86
		{F461DDC7-BBA9-4261-9DCA-9971CA5B382D}.SingleImage|Any CPU.ActiveCfg = Release|Any CPU
		{F461DDC7-BBA9-4261-9DCA-9971CA5B382D}.SingleImage|Any CPU.Build.0 = Release|Any CPU
		{F461DDC7-BBA9-4261-9DCA-9971CA5B382D}.SingleImage|Mixed Platforms.ActiveCfg = Release|Any CPU
		{F461DDC7-BBA9-4261-9DCA-9971CA5B382D}.SingleImage|Mixed Platforms.Build.0 = Release|Any CPU
		{F461DDC7-BBA9-4261-9DCA-9971CA5B382D}.SingleImage|x86.ActiveCfg = Release|Any CPU
		{8F76B751-FF9A-4932-AEC5-5557EE618193}.CD_ROM|Any CPU.ActiveCfg = Release|Any CPU
		{8F76B751-FF9A-4932-AEC5-5557EE618193}.CD_ROM|Any CPU.Build.0 = Release|Any CPU
		{8F76B751-FF9A-4932-AEC5-5557EE618193}.CD_ROM|Mixed Platforms.ActiveCfg = Release|Any CPU
		{8F76B751-FF9A-4932-AEC5-5557EE618193}.CD_ROM|Mixed Platforms.Build.0 = Release|Any CPU
		{8F76B751-FF9A-4932-AEC5-5557EE618193}.CD_ROM|x86.ActiveCfg = Release|Any CPU
		{8F76B751-FF9A-4932-AEC5-5557EE618193}.Debug|Any CPU.ActiveCfg = Debug|Any CPU
		{8F76B751-FF9A-4932-AEC5-5557EE618193}.Debug|Any CPU.Build.0 = Debug|Any CPU
		{8F76B751-FF9A-4932-AEC5-5557EE618193}.Debug|Mixed Platforms.ActiveCfg = Debug|Any CPU
		{8F76B751-FF9A-4932-AEC5-5557EE618193}.Debug|Mixed Platforms.Build.0 = Debug|Any CPU
		{8F76B751-FF9A-4932-AEC5-5557EE618193}.Debug|x86.ActiveCfg = Debug|Any CPU
		{8F76B751-FF9A-4932-AEC5-5557EE618193}.DVD-5|Any CPU.ActiveCfg = Debug|Any CPU
		{8F76B751-FF9A-4932-AEC5-5557EE618193}.DVD-5|Any CPU.Build.0 = Debug|Any CPU
		{8F76B751-FF9A-4932-AEC5-5557EE618193}.DVD-5|Mixed Platforms.ActiveCfg = Debug|Any CPU
		{8F76B751-FF9A-4932-AEC5-5557EE618193}.DVD-5|Mixed Platforms.Build.0 = Debug|Any CPU
		{8F76B751-FF9A-4932-AEC5-5557EE618193}.DVD-5|x86.ActiveCfg = Debug|Any CPU
		{8F76B751-FF9A-4932-AEC5-5557EE618193}.Release|Any CPU.ActiveCfg = Release|Any CPU
		{8F76B751-FF9A-4932-AEC5-5557EE618193}.Release|Any CPU.Build.0 = Release|Any CPU
		{8F76B751-FF9A-4932-AEC5-5557EE618193}.Release|Mixed Platforms.ActiveCfg = Release|Any CPU
		{8F76B751-FF9A-4932-AEC5-5557EE618193}.Release|Mixed Platforms.Build.0 = Release|Any CPU
		{8F76B751-FF9A-4932-AEC5-5557EE618193}.Release|x86.ActiveCfg = Release|x86
		{8F76B751-FF9A-4932-AEC5-5557EE618193}.Release|x86.Build.0 = Release|x86
		{8F76B751-FF9A-4932-AEC5-5557EE618193}.SingleImage|Any CPU.ActiveCfg = Release|Any CPU
		{8F76B751-FF9A-4932-AEC5-5557EE618193}.SingleImage|Any CPU.Build.0 = Release|Any CPU
		{8F76B751-FF9A-4932-AEC5-5557EE618193}.SingleImage|Mixed Platforms.ActiveCfg = Release|Any CPU
		{8F76B751-FF9A-4932-AEC5-5557EE618193}.SingleImage|Mixed Platforms.Build.0 = Release|Any CPU
		{8F76B751-FF9A-4932-AEC5-5557EE618193}.SingleImage|x86.ActiveCfg = Release|Any CPU
		{1204B127-5BF7-4416-A6A5-B120DAB00682}.CD_ROM|Any CPU.ActiveCfg = Release|Any CPU
		{1204B127-5BF7-4416-A6A5-B120DAB00682}.CD_ROM|Any CPU.Build.0 = Release|Any CPU
		{1204B127-5BF7-4416-A6A5-B120DAB00682}.CD_ROM|Mixed Platforms.ActiveCfg = Release|Any CPU
		{1204B127-5BF7-4416-A6A5-B120DAB00682}.CD_ROM|Mixed Platforms.Build.0 = Release|Any CPU
		{1204B127-5BF7-4416-A6A5-B120DAB00682}.CD_ROM|x86.ActiveCfg = Release|Any CPU
		{1204B127-5BF7-4416-A6A5-B120DAB00682}.Debug|Any CPU.ActiveCfg = Debug|Any CPU
		{1204B127-5BF7-4416-A6A5-B120DAB00682}.Debug|Any CPU.Build.0 = Debug|Any CPU
		{1204B127-5BF7-4416-A6A5-B120DAB00682}.Debug|Mixed Platforms.ActiveCfg = Debug|Any CPU
		{1204B127-5BF7-4416-A6A5-B120DAB00682}.Debug|Mixed Platforms.Build.0 = Debug|Any CPU
		{1204B127-5BF7-4416-A6A5-B120DAB00682}.Debug|x86.ActiveCfg = Debug|Any CPU
		{1204B127-5BF7-4416-A6A5-B120DAB00682}.DVD-5|Any CPU.ActiveCfg = Debug|Any CPU
		{1204B127-5BF7-4416-A6A5-B120DAB00682}.DVD-5|Any CPU.Build.0 = Debug|Any CPU
		{1204B127-5BF7-4416-A6A5-B120DAB00682}.DVD-5|Mixed Platforms.ActiveCfg = Debug|Any CPU
		{1204B127-5BF7-4416-A6A5-B120DAB00682}.DVD-5|Mixed Platforms.Build.0 = Debug|Any CPU
		{1204B127-5BF7-4416-A6A5-B120DAB00682}.DVD-5|x86.ActiveCfg = Debug|Any CPU
		{1204B127-5BF7-4416-A6A5-B120DAB00682}.Release|Any CPU.ActiveCfg = Release|Any CPU
		{1204B127-5BF7-4416-A6A5-B120DAB00682}.Release|Any CPU.Build.0 = Release|Any CPU
		{1204B127-5BF7-4416-A6A5-B120DAB00682}.Release|Mixed Platforms.ActiveCfg = Release|Any CPU
		{1204B127-5BF7-4416-A6A5-B120DAB00682}.Release|Mixed Platforms.Build.0 = Release|Any CPU
		{1204B127-5BF7-4416-A6A5-B120DAB00682}.Release|x86.ActiveCfg = Release|x86
		{1204B127-5BF7-4416-A6A5-B120DAB00682}.Release|x86.Build.0 = Release|x86
		{1204B127-5BF7-4416-A6A5-B120DAB00682}.SingleImage|Any CPU.ActiveCfg = Release|Any CPU
		{1204B127-5BF7-4416-A6A5-B120DAB00682}.SingleImage|Any CPU.Build.0 = Release|Any CPU
		{1204B127-5BF7-4416-A6A5-B120DAB00682}.SingleImage|Mixed Platforms.ActiveCfg = Release|Any CPU
		{1204B127-5BF7-4416-A6A5-B120DAB00682}.SingleImage|Mixed Platforms.Build.0 = Release|Any CPU
		{1204B127-5BF7-4416-A6A5-B120DAB00682}.SingleImage|x86.ActiveCfg = Release|Any CPU
		{BFE5C6B5-8E4A-4E69-AD20-F8A78F95493E}.CD_ROM|Any CPU.ActiveCfg = Release|Any CPU
		{BFE5C6B5-8E4A-4E69-AD20-F8A78F95493E}.CD_ROM|Any CPU.Build.0 = Release|Any CPU
		{BFE5C6B5-8E4A-4E69-AD20-F8A78F95493E}.CD_ROM|Mixed Platforms.ActiveCfg = Release|Any CPU
		{BFE5C6B5-8E4A-4E69-AD20-F8A78F95493E}.CD_ROM|Mixed Platforms.Build.0 = Release|Any CPU
		{BFE5C6B5-8E4A-4E69-AD20-F8A78F95493E}.CD_ROM|x86.ActiveCfg = Release|Any CPU
		{BFE5C6B5-8E4A-4E69-AD20-F8A78F95493E}.Debug|Any CPU.ActiveCfg = Debug|Any CPU
		{BFE5C6B5-8E4A-4E69-AD20-F8A78F95493E}.Debug|Any CPU.Build.0 = Debug|Any CPU
		{BFE5C6B5-8E4A-4E69-AD20-F8A78F95493E}.Debug|Mixed Platforms.ActiveCfg = Debug|Any CPU
		{BFE5C6B5-8E4A-4E69-AD20-F8A78F95493E}.Debug|Mixed Platforms.Build.0 = Debug|Any CPU
		{BFE5C6B5-8E4A-4E69-AD20-F8A78F95493E}.Debug|x86.ActiveCfg = Debug|Any CPU
		{BFE5C6B5-8E4A-4E69-AD20-F8A78F95493E}.DVD-5|Any CPU.ActiveCfg = Debug|Any CPU
		{BFE5C6B5-8E4A-4E69-AD20-F8A78F95493E}.DVD-5|Any CPU.Build.0 = Debug|Any CPU
		{BFE5C6B5-8E4A-4E69-AD20-F8A78F95493E}.DVD-5|Mixed Platforms.ActiveCfg = Debug|Any CPU
		{BFE5C6B5-8E4A-4E69-AD20-F8A78F95493E}.DVD-5|Mixed Platforms.Build.0 = Debug|Any CPU
		{BFE5C6B5-8E4A-4E69-AD20-F8A78F95493E}.DVD-5|x86.ActiveCfg = Debug|Any CPU
		{BFE5C6B5-8E4A-4E69-AD20-F8A78F95493E}.Release|Any CPU.ActiveCfg = Release|Any CPU
		{BFE5C6B5-8E4A-4E69-AD20-F8A78F95493E}.Release|Any CPU.Build.0 = Release|Any CPU
		{BFE5C6B5-8E4A-4E69-AD20-F8A78F95493E}.Release|Mixed Platforms.ActiveCfg = Release|Any CPU
		{BFE5C6B5-8E4A-4E69-AD20-F8A78F95493E}.Release|Mixed Platforms.Build.0 = Release|Any CPU
		{BFE5C6B5-8E4A-4E69-AD20-F8A78F95493E}.Release|x86.ActiveCfg = Release|x86
		{BFE5C6B5-8E4A-4E69-AD20-F8A78F95493E}.Release|x86.Build.0 = Release|x86
		{BFE5C6B5-8E4A-4E69-AD20-F8A78F95493E}.SingleImage|Any CPU.ActiveCfg = Release|Any CPU
		{BFE5C6B5-8E4A-4E69-AD20-F8A78F95493E}.SingleImage|Any CPU.Build.0 = Release|Any CPU
		{BFE5C6B5-8E4A-4E69-AD20-F8A78F95493E}.SingleImage|Mixed Platforms.ActiveCfg = Release|Any CPU
		{BFE5C6B5-8E4A-4E69-AD20-F8A78F95493E}.SingleImage|Mixed Platforms.Build.0 = Release|Any CPU
		{BFE5C6B5-8E4A-4E69-AD20-F8A78F95493E}.SingleImage|x86.ActiveCfg = Release|Any CPU
		{F1D3894F-52C4-499B-BC43-D1C9B361E8A1}.CD_ROM|Any CPU.ActiveCfg = Release|Any CPU
		{F1D3894F-52C4-499B-BC43-D1C9B361E8A1}.CD_ROM|Any CPU.Build.0 = Release|Any CPU
		{F1D3894F-52C4-499B-BC43-D1C9B361E8A1}.CD_ROM|Mixed Platforms.ActiveCfg = Release|Any CPU
		{F1D3894F-52C4-499B-BC43-D1C9B361E8A1}.CD_ROM|Mixed Platforms.Build.0 = Release|Any CPU
		{F1D3894F-52C4-499B-BC43-D1C9B361E8A1}.CD_ROM|x86.ActiveCfg = Release|Any CPU
		{F1D3894F-52C4-499B-BC43-D1C9B361E8A1}.Debug|Any CPU.ActiveCfg = Debug|Any CPU
		{F1D3894F-52C4-499B-BC43-D1C9B361E8A1}.Debug|Any CPU.Build.0 = Debug|Any CPU
		{F1D3894F-52C4-499B-BC43-D1C9B361E8A1}.Debug|Mixed Platforms.ActiveCfg = Debug|Any CPU
		{F1D3894F-52C4-499B-BC43-D1C9B361E8A1}.Debug|Mixed Platforms.Build.0 = Debug|Any CPU
		{F1D3894F-52C4-499B-BC43-D1C9B361E8A1}.Debug|x86.ActiveCfg = Debug|Any CPU
		{F1D3894F-52C4-499B-BC43-D1C9B361E8A1}.DVD-5|Any CPU.ActiveCfg = Debug|Any CPU
		{F1D3894F-52C4-499B-BC43-D1C9B361E8A1}.DVD-5|Any CPU.Build.0 = Debug|Any CPU
		{F1D3894F-52C4-499B-BC43-D1C9B361E8A1}.DVD-5|Mixed Platforms.ActiveCfg = Debug|Any CPU
		{F1D3894F-52C4-499B-BC43-D1C9B361E8A1}.DVD-5|Mixed Platforms.Build.0 = Debug|Any CPU
		{F1D3894F-52C4-499B-BC43-D1C9B361E8A1}.DVD-5|x86.ActiveCfg = Debug|Any CPU
		{F1D3894F-52C4-499B-BC43-D1C9B361E8A1}.Release|Any CPU.ActiveCfg = Release|Any CPU
		{F1D3894F-52C4-499B-BC43-D1C9B361E8A1}.Release|Any CPU.Build.0 = Release|Any CPU
		{F1D3894F-52C4-499B-BC43-D1C9B361E8A1}.Release|Mixed Platforms.ActiveCfg = Release|Any CPU
		{F1D3894F-52C4-499B-BC43-D1C9B361E8A1}.Release|Mixed Platforms.Build.0 = Release|Any CPU
		{F1D3894F-52C4-499B-BC43-D1C9B361E8A1}.Release|x86.ActiveCfg = Release|x86
		{F1D3894F-52C4-499B-BC43-D1C9B361E8A1}.Release|x86.Build.0 = Release|x86
		{F1D3894F-52C4-499B-BC43-D1C9B361E8A1}.SingleImage|Any CPU.ActiveCfg = Release|Any CPU
		{F1D3894F-52C4-499B-BC43-D1C9B361E8A1}.SingleImage|Any CPU.Build.0 = Release|Any CPU
		{F1D3894F-52C4-499B-BC43-D1C9B361E8A1}.SingleImage|Mixed Platforms.ActiveCfg = Release|Any CPU
		{F1D3894F-52C4-499B-BC43-D1C9B361E8A1}.SingleImage|Mixed Platforms.Build.0 = Release|Any CPU
		{F1D3894F-52C4-499B-BC43-D1C9B361E8A1}.SingleImage|x86.ActiveCfg = Release|Any CPU
	EndGlobalSection
	GlobalSection(SolutionProperties) = preSolution
		HideSolutionNode = FALSE
	EndGlobalSection
EndGlobal
